{
  "nodes": {
    "cachyos-kernel": {
      "flake": false,
      "locked": {
        "lastModified": 1764950048,
        "narHash": "sha256-Dgc/8jbcMYeOr8xgd/yVFTL+8uNmAHAPyTsVu6G4jeA=",
        "owner": "CachyOS",
        "repo": "linux-cachyos",
        "rev": "b76feee309500d7ba6a955760ed4a8e698902ba3",
        "type": "github"
      },
      "original": {
        "owner": "CachyOS",
        "repo": "linux-cachyos",
        "type": "github"
      }
    },
    "cachyos-kernel-patches": {
      "flake": false,
      "locked": {
        "lastModified": 1765190459,
        "narHash": "sha256-TJJKd86jDyighG3Jx8MNyiuQTpEIMAsA2GkWpqttwFg=",
        "owner": "CachyOS",
        "repo": "kernel-patches",
        "rev": "6dfdbc7f8f3ee4d9f5dc8adfb0672ef5d8e1e3d5",
        "type": "github"
      },
      "original": {
        "owner": "CachyOS",
        "repo": "kernel-patches",
        "type": "github"
      }
    },
    "flake-compat": {
      "flake": false,
      "locked": {
        "lastModified": 1765121682,
        "narHash": "sha256-4VBOP18BFeiPkyhy9o4ssBNQEvfvv1kXkasAYd0+rrA=",
        "owner": "NixOS",
        "repo": "flake-compat",
        "rev": "65f23138d8d09a92e30f1e5c87611b23ef451bf3",
        "type": "github"
      },
      "original": {
        "owner": "NixOS",
        "repo": "flake-compat",
        "type": "github"
      }
    },
    "flake-parts": {
      "inputs": {
        "nixpkgs-lib": "nixpkgs-lib"
      },
      "locked": {
        "lastModified": 1763759067,
        "narHash": "sha256-LlLt2Jo/gMNYAwOgdRQBrsRoOz7BPRkzvNaI/fzXi2Q=",
        "owner": "hercules-ci",
        "repo": "flake-parts",
        "rev": "2cccadc7357c0ba201788ae99c4dfa90728ef5e0",
        "type": "github"
      },
      "original": {
        "owner": "hercules-ci",
        "repo": "flake-parts",
        "type": "github"
      }
    },
    "home-manager": {
      "inputs": {
        "nixpkgs": [
          "nixpkgs"
        ]
      },
      "locked": {
        "lastModified": 1764788330,
        "narHash": "sha256-hE/gXK+Z0j654T0tsW+KcndRqsgZXe8HyWchjBJgQpw=",
        "owner": "nix-community",
        "repo": "home-manager",
        "rev": "fca4cba863e76c26cfe48e5903c2ff4bac2b2d5d",
        "type": "github"
      },
      "original": {
        "owner": "nix-community",
        "repo": "home-manager",
        "type": "github"
      }
    },
    "maccel": {
      "locked": {
        "lastModified": 1757387438,
        "narHash": "sha256-H+D9fswlmEuZl58GJ2TACwr+Leoo5+KnfDQnqcAdFeA=",
        "owner": "Gnarus-G",
        "repo": "maccel",
        "rev": "43b624c72b04a62f55155b99c2ebe2f531abc1b9",
        "type": "github"
      },
      "original": {
        "owner": "Gnarus-G",
        "repo": "maccel",
        "type": "github"
      }
    },
    "nix-cachyos-kernel": {
      "inputs": {
        "cachyos-kernel": "cachyos-kernel",
        "cachyos-kernel-patches": "cachyos-kernel-patches",
        "flake-compat": "flake-compat",
        "flake-parts": "flake-parts",
        "nixpkgs": [
          "nixpkgs"
        ]
      },
      "locked": {
        "lastModified": 1765300374,
        "narHash": "sha256-5lXnsq1m8DVBeGbOkFaI+Nc30pkXHIShUnM2k29Vz1o=",
        "owner": "xddxdd",
        "repo": "nix-cachyos-kernel",
        "rev": "009f10657ef64df95e0d659b24664db0d71b4fa6",
        "type": "github"
      },
      "original": {
        "owner": "xddxdd",
        "repo": "nix-cachyos-kernel",
        "type": "github"
      }
    },
    "nixpkgs": {
      "locked": {
        "lastModified": 1764667669,
        "narHash": "sha256-7WUCZfmqLAssbDqwg9cUDAXrSoXN79eEEq17qhTNM/Y=",
        "owner": "nixos",
        "repo": "nixpkgs",
        "rev": "418468ac9527e799809c900eda37cbff999199b6",
        "type": "github"
      },
      "original": {
        "owner": "nixos",
        "ref": "nixos-unstable",
        "repo": "nixpkgs",
        "type": "github"
      }
    },
    "nixpkgs-lib": {
      "locked": {
        "lastModified": 1761765539,
        "narHash": "sha256-b0yj6kfvO8ApcSE+QmA6mUfu8IYG6/uU28OFn4PaC8M=",
        "owner": "nix-community",
        "repo": "nixpkgs.lib",
        "rev": "719359f4562934ae99f5443f20aa06c2ffff91fc",
        "type": "github"
      },
      "original": {
        "owner": "nix-community",
        "repo": "nixpkgs.lib",
        "type": "github"
      }
    },
    "nixpkgs-stable": {
      "locked": {
        "lastModified": 1764522689,
        "narHash": "sha256-SqUuBFjhl/kpDiVaKLQBoD8TLD+/cTUzzgVFoaHrkqY=",
        "owner": "nixos",
        "repo": "nixpkgs",
        "rev": "8bb5646e0bed5dbd3ab08c7a7cc15b75ab4e1d0f",
        "type": "github"
      },
      "original": {
        "owner": "nixos",
        "ref": "nixos-25.11",
        "repo": "nixpkgs",
        "type": "github"
      }
    },
    "quickshell": {
      "inputs": {
        "nixpkgs": [
          "nixpkgs"
        ]
      },
      "locked": {
        "lastModified": 1764663772,
        "narHash": "sha256-sHqLmm0wAt3PC4vczJeBozI1/f4rv9yp3IjkClHDXDs=",
        "owner": "outfoxxed",
        "repo": "quickshell",
        "rev": "26531fc46ef17e9365b03770edd3fb9206fcb460",
        "type": "github"
      },
      "original": {
        "owner": "outfoxxed",
        "repo": "quickshell",
        "type": "github"
      }
    },
    "root": {
      "inputs": {
        "home-manager": "home-manager",
        "maccel": "maccel",
        "nix-cachyos-kernel": "nix-cachyos-kernel",
        "nixpkgs": "nixpkgs",
        "nixpkgs-stable": "nixpkgs-stable",
        "quickshell": "quickshell"
      }
    }
  },
  "root": "root",
  "version": 7
}
